<?xml version="1.0" encoding="utf-8"?>
<Project ToolsVersion="4.0" xmlns="http://schemas.microsoft.com/developer/msbuild/2003">
  <ItemGroup>
    <Filter Include="SortingAlgorithm">
      <UniqueIdentifier>{9aea06e0-d28c-42a2-a7a9-4fc041003ab7}</UniqueIdentifier>
    </Filter>
  </ItemGroup>
  <ItemGroup>
    <ClCompile Include="SortingAlgorithm\Sort.cpp">
      <Filter>SortingAlgorithm</Filter>
    </ClCompile>
    <ClCompile Include="MainHelper.cpp" />
    <ClCompile Include="Main.cpp" />
    <ClCompile Include="SortingAlgorithm\BinaryTree.cpp">
      <Filter>SortingAlgorithm</Filter>
    </ClCompile>
    <ClCompile Include="SortingAlgorithm\Heap.cpp">
      <Filter>SortingAlgorithm</Filter>
    </ClCompile>
    <ClCompile Include="SortingAlgorithm\Union.cpp">
      <Filter>SortingAlgorithm</Filter>
    </ClCompile>
  </ItemGroup>
  <ItemGroup>
    <ClInclude Include="SortingAlgorithm\Sort.h">
      <Filter>SortingAlgorithm</Filter>
    </ClInclude>
    <ClInclude Include="MainHelper.h" />
    <ClInclude Include="SortingAlgorithm\BinaryTree.h">
      <Filter>SortingAlgorithm</Filter>
    </ClInclude>
    <ClInclude Include="SortingAlgorithm\Heap.h">
      <Filter>SortingAlgorithm</Filter>
    </ClInclude>
    <ClInclude Include="SortingAlgorithm\Union.h">
      <Filter>SortingAlgorithm</Filter>
    </ClInclude>
  </ItemGroup>
</Project>